
Microsoft Visual Studio Solution File, Format Version 12.00
# Visual Studio Version 16
VisualStudioVersion = 16.0.29306.81
MinimumVisualStudioVersion = 10.0.40219.1
Project("{FAE04EC0-301F-11D3-BF4B-00C04F79EFBC}") = "Birth Date String (Tutorial 3-1)", "Birth Date String (Tutorial 3-1)\Birth Date String (Tutorial 3-1).csproj", "{02AEC93B-457F-463B-A722-2405BC880394}"
EndProject
Global
	GlobalSection(SolutionConfigurationPlatforms) = preSolution
		Debug|Any CPU = Debug|Any CPU
		Release|Any CPU = Release|Any CPU
	EndGlobalSection
	GlobalSection(ProjectConfigurationPlatforms) = postSolution
		{02AEC93B-457F-463B-A722-2405BC880394}.Debug|Any CPU.ActiveCfg = Debug|Any CPU
		{02AEC93B-457F-463B-A722-2405BC880394}.Debug|Any CPU.Build.0 = Debug|Any CPU
		{02AEC93B-457F-463B-A722-2405BC880394}.Release|Any CPU.ActiveCfg = Release|Any CPU
		{02AEC93B-457F-463B-A722-2405BC880394}.Release|Any CPU.Build.0 = Release|Any CPU
	EndGlobalSection
	GlobalSection(SolutionProperties) = preSolution
		HideSolutionNode = FALSE
	EndGlobalSection
	GlobalSection(ExtensibilityGlobals) = postSolution
		SolutionGuid = {79992D9B-104A-465F-B816-3C5FADAC7430}
	EndGlobalSection
EndGlobal
